
Microsoft Visual Studio Solution File, Format Version 12.00
# Visual Studio 14
VisualStudioVersion = 14.0.23107.0
MinimumVisualStudioVersion = 10.0.40219.1
Project("{FAE04EC0-301F-11D3-BF4B-00C04F79EFBC}") = "RegexLib", "RegexLib\RegexLib.csproj", "{92314620-47C9-4703-94AA-CE0F619A58CF}"
EndProject
Global
	GlobalSection(SolutionConfigurationPlatforms) = preSolution
		Debug|Any CPU = Debug|Any CPU
		Release|Any CPU = Release|Any CPU
	EndGlobalSection
	GlobalSection(ProjectConfigurationPlatforms) = postSolution
		{92314620-47C9-4703-94AA-CE0F619A58CF}.Debug|Any CPU.ActiveCfg = Debug|Any CPU
		{92314620-47C9-4703-94AA-CE0F619A58CF}.Debug|Any CPU.Build.0 = Debug|Any CPU
		{92314620-47C9-4703-94AA-CE0F619A58CF}.Release|Any CPU.ActiveCfg = Release|Any CPU
		{92314620-47C9-4703-94AA-CE0F619A58CF}.Release|Any CPU.Build.0 = Release|Any CPU
	EndGlobalSection
	GlobalSection(SolutionProperties) = preSolution
		HideSolutionNode = FALSE
	EndGlobalSection
EndGlobal
